<?xml version="1.0" encoding="utf-8"?>
<Project ToolsVersion="4.0" xmlns="http://schemas.microsoft.com/developer/msbuild/2003">
  <ItemGroup>
    <Filter Include="Source Files">
      <UniqueIdentifier>{4FC737F1-C7A5-4376-A066-2A32D752A2FF}</UniqueIdentifier>
      <Extensions>qml;cpp;c;cc;cxx;def;odl;idl;hpj;bat;asm;asmx</Extensions>
    </Filter>
    <Filter Include="Header Files">
      <UniqueIdentifier>{93995380-89BD-4b04-88EB-625FBE52EBFB}</UniqueIdentifier>
      <Extensions>h;hh;hpp;hxx;hm;inl;inc;xsd</Extensions>
    </Filter>
    <Filter Include="Resource Files">
      <UniqueIdentifier>{67DA6AB6-F800-4c08-8B7A-83BB121AAD01}</UniqueIdentifier>
      <Extensions>qrc;rc;ico;cur;bmp;dlg;rc2;rct;bin;rgs;gif;jpg;jpeg;jpe;resx;tiff;tif;png;wav;mfcribbon-ms</Extensions>
    </Filter>
    <Filter Include="Form Files">
      <UniqueIdentifier>{99349809-55BA-4b9d-BF79-8FDBB0286EB3}</UniqueIdentifier>
      <Extensions>ui</Extensions>
    </Filter>
    <Filter Include="Translation Files">
      <UniqueIdentifier>{639EADAA-A684-42e4-A9AD-28FC9BCB8F7C}</UniqueIdentifier>
      <Extensions>ts</Extensions>
    </Filter>
  </ItemGroup>
  <ItemGroup>
    <QtUic Include="main_ui\game_graphics_view.ui">
      <Filter>Form Files</Filter>
    </QtUic>
    <QtUic Include="game_palying_ui\QtGame.ui">
      <Filter>Form Files</Filter>
    </QtUic>
  </ItemGroup>
  <ItemGroup>
    <ClCompile Include="main_ui\QtGame.cpp">
      <Filter>Source Files</Filter>
    </ClCompile>
    <ClCompile Include="game_palying_ui\GameWidget.cpp">
      <Filter>Source Files</Filter>
    </ClCompile>
    <ClCompile Include="Main.cpp">
      <Filter>Source Files</Filter>
    </ClCompile>
    <ClCompile Include="game_palying_ui\Wuziqi\WuziqiGameWidget.cpp">
      <Filter>Source Files</Filter>
    </ClCompile>
    <ClCompile Include="data_base\DataWuziqi.cpp">
      <Filter>Source Files</Filter>
    </ClCompile>
    <ClCompile Include="drawer\Drawer.cpp">
      <Filter>Source Files</Filter>
    </ClCompile>
    <ClCompile Include="myfunction.cpp">
      <Filter>Source Files</Filter>
    </ClCompile>
    <ClCompile Include="Rule\Rule.cpp">
      <Filter>Source Files</Filter>
    </ClCompile>
    <ClCompile Include="chess_board\ChessBoard.cpp">
      <Filter>Source Files</Filter>
    </ClCompile>
    <ClCompile Include="socket\socketManager.cpp">
      <Filter>Source Files</Filter>
    </ClCompile>
    <ClCompile Include="socket\CommonFunction.cpp">
      <Filter>Source Files</Filter>
    </ClCompile>
    <ClCompile Include="socket\GameSocketManager.cpp">
      <Filter>Source Files</Filter>
    </ClCompile>
    <ClCompile Include="rule\RuleThread.cpp">
      <Filter>Source Files</Filter>
    </ClCompile>
  </ItemGroup>
  <ItemGroup>
    <QtMoc Include="main_ui\QtGame.h">
      <Filter>Header Files</Filter>
    </QtMoc>
    <QtMoc Include="game_palying_ui\GameWidget.h">
      <Filter>Header Files</Filter>
    </QtMoc>
    <QtMoc Include="chess_board\ChessBoard.h">
      <Filter>Header Files</Filter>
    </QtMoc>
    <QtMoc Include="rule\RuleThread.h">
      <Filter>Header Files</Filter>
    </QtMoc>
    <QtMoc Include="game_palying_ui\Wuziqi\WuziqiGameWidget.h">
      <Filter>Header Files</Filter>
    </QtMoc>
    <QtMoc Include="socket\socketManager.h">
      <Filter>Header Files</Filter>
    </QtMoc>
    <QtMoc Include="socket\GameSocketManager.h">
      <Filter>Header Files</Filter>
    </QtMoc>
  </ItemGroup>
  <ItemGroup>
    <ClInclude Include="data_base\DataWuziqi.h">
      <Filter>Header Files</Filter>
    </ClInclude>
    <ClInclude Include="drawer\Drawer.h">
      <Filter>Header Files</Filter>
    </ClInclude>
    <ClInclude Include="comStruct.h">
      <Filter>Header Files</Filter>
    </ClInclude>
    <ClInclude Include="myfunction.h">
      <Filter>Header Files</Filter>
    </ClInclude>
    <ClInclude Include="Rule\Rule.h">
      <Filter>Header Files</Filter>
    </ClInclude>
    <ClInclude Include="socket\CommonFunction.h">
      <Filter>Header Files</Filter>
    </ClInclude>
  </ItemGroup>
</Project>