
Microsoft Visual Studio Solution File, Format Version 12.00
# Visual Studio Version 17
VisualStudioVersion = 17.3.32901.215
MinimumVisualStudioVersion = 10.0.40219.1
Project("{8BC9CEB8-8B4A-11D0-8D11-00A0C91BC942}") = "QtGameRewrite", "QtGameRewrite\QtGameRewrite.vcxproj", "{8D5D4185-F645-4432-BC8D-B149E19F6544}"
EndProject
Global
	GlobalSection(SolutionConfigurationPlatforms) = preSolution
		Debug|x64 = Debug|x64
		Release|x64 = Release|x64
	EndGlobalSection
	GlobalSection(ProjectConfigurationPlatforms) = postSolution
		{8D5D4185-F645-4432-BC8D-B149E19F6544}.Debug|x64.ActiveCfg = Debug|x64
		{8D5D4185-F645-4432-BC8D-B149E19F6544}.Debug|x64.Build.0 = Debug|x64
		{8D5D4185-F645-4432-BC8D-B149E19F6544}.Release|x64.ActiveCfg = Release|x64
		{8D5D4185-F645-4432-BC8D-B149E19F6544}.Release|x64.Build.0 = Release|x64
	EndGlobalSection
	GlobalSection(SolutionProperties) = preSolution
		HideSolutionNode = FALSE
	EndGlobalSection
	GlobalSection(ExtensibilityGlobals) = postSolution
		SolutionGuid = {C40CA357-8CAA-4E01-82D1-0C6E804EF38F}
	EndGlobalSection
EndGlobal
